
Microsoft Visual Studio Solution File, Format Version 12.00
# Visual Studio Version 16
VisualStudioVersion = 16.0.28803.352
MinimumVisualStudioVersion = 10.0.40219.1
Project("{FAE04EC0-301F-11D3-BF4B-00C04F79EFBC}") = "Copy Files", "Copy Files\Copy Files.csproj", "{EB5B6587-D8EB-43F4-ABE5-4F6552BF0BF4}"
EndProject
Global
	GlobalSection(SolutionConfigurationPlatforms) = preSolution
		Debug|Any CPU = Debug|Any CPU
		Release|Any CPU = Release|Any CPU
	EndGlobalSection
	GlobalSection(ProjectConfigurationPlatforms) = postSolution
		{EB5B6587-D8EB-43F4-ABE5-4F6552BF0BF4}.Debug|Any CPU.ActiveCfg = Debug|Any CPU
		{EB5B6587-D8EB-43F4-ABE5-4F6552BF0BF4}.Debug|Any CPU.Build.0 = Debug|Any CPU
		{EB5B6587-D8EB-43F4-ABE5-4F6552BF0BF4}.Release|Any CPU.ActiveCfg = Release|Any CPU
		{EB5B6587-D8EB-43F4-ABE5-4F6552BF0BF4}.Release|Any CPU.Build.0 = Release|Any CPU
	EndGlobalSection
	GlobalSection(SolutionProperties) = preSolution
		HideSolutionNode = FALSE
	EndGlobalSection
	GlobalSection(ExtensibilityGlobals) = postSolution
		SolutionGuid = {F842EAB9-2424-417F-8A5B-62701775BC1C}
	EndGlobalSection
EndGlobal
